
Microsoft Visual Studio Solution File, Format Version 12.00
# Visual Studio Version 17
VisualStudioVersion = 17.6.33815.320
MinimumVisualStudioVersion = 10.0.40219.1
Project("{8BC9CEB8-8B4A-11D0-8D11-00A0C91BC942}") = "modernRX", "modernRX\modernRX.vcxproj", "{6963B039-6585-4511-9D0E-478E6ECAACBA}"
EndProject
Project("{8BC9CEB8-8B4A-11D0-8D11-00A0C91BC942}") = "tests", "tests\tests.vcxproj", "{9CF0DCE0-38AD-486F-AA5F-3B762EA7B015}"
EndProject
Project("{8BC9CEB8-8B4A-11D0-8D11-00A0C91BC942}") = "benchmarks", "benchmarks\benchmarks.vcxproj", "{F73A2DA7-62B0-489B-861F-0DCFA1434B39}"
EndProject
Project("{8BC9CEB8-8B4A-11D0-8D11-00A0C91BC942}") = "fuzzer", "fuzzer\fuzzer.vcxproj", "{8E84774B-23F9-4158-82E8-BC322915DE0F}"
EndProject
Project("{8BC9CEB8-8B4A-11D0-8D11-00A0C91BC942}") = "pgo", "pgo\pgo.vcxproj", "{0636C30A-3C61-4527-86BD-67AF4976C7CF}"
EndProject
Global
	GlobalSection(SolutionConfigurationPlatforms) = preSolution
		Debug|x64 = Debug|x64
		DebugAsan|x64 = DebugAsan|x64
		Release|x64 = Release|x64
		ReleaseAsan|x64 = ReleaseAsan|x64
		ReleaseFuzzer|x64 = ReleaseFuzzer|x64
		ReleasePGO|x64 = ReleasePGO|x64
	EndGlobalSection
	GlobalSection(ProjectConfigurationPlatforms) = postSolution
		{6963B039-6585-4511-9D0E-478E6ECAACBA}.Debug|x64.ActiveCfg = Debug|x64
		{6963B039-6585-4511-9D0E-478E6ECAACBA}.Debug|x64.Build.0 = Debug|x64
		{6963B039-6585-4511-9D0E-478E6ECAACBA}.DebugAsan|x64.ActiveCfg = DebugAsan|x64
		{6963B039-6585-4511-9D0E-478E6ECAACBA}.DebugAsan|x64.Build.0 = DebugAsan|x64
		{6963B039-6585-4511-9D0E-478E6ECAACBA}.Release|x64.ActiveCfg = Release|x64
		{6963B039-6585-4511-9D0E-478E6ECAACBA}.Release|x64.Build.0 = Release|x64
		{6963B039-6585-4511-9D0E-478E6ECAACBA}.ReleaseAsan|x64.ActiveCfg = ReleaseAsan|x64
		{6963B039-6585-4511-9D0E-478E6ECAACBA}.ReleaseAsan|x64.Build.0 = ReleaseAsan|x64
		{6963B039-6585-4511-9D0E-478E6ECAACBA}.ReleaseFuzzer|x64.ActiveCfg = ReleaseFuzzer|x64
		{6963B039-6585-4511-9D0E-478E6ECAACBA}.ReleaseFuzzer|x64.Build.0 = ReleaseFuzzer|x64
		{6963B039-6585-4511-9D0E-478E6ECAACBA}.ReleasePGO|x64.ActiveCfg = ReleasePGO|x64
		{6963B039-6585-4511-9D0E-478E6ECAACBA}.ReleasePGO|x64.Build.0 = ReleasePGO|x64
		{9CF0DCE0-38AD-486F-AA5F-3B762EA7B015}.Debug|x64.ActiveCfg = Debug|x64
		{9CF0DCE0-38AD-486F-AA5F-3B762EA7B015}.Debug|x64.Build.0 = Debug|x64
		{9CF0DCE0-38AD-486F-AA5F-3B762EA7B015}.DebugAsan|x64.ActiveCfg = DebugAsan|x64
		{9CF0DCE0-38AD-486F-AA5F-3B762EA7B015}.DebugAsan|x64.Build.0 = DebugAsan|x64
		{9CF0DCE0-38AD-486F-AA5F-3B762EA7B015}.Release|x64.ActiveCfg = Release|x64
		{9CF0DCE0-38AD-486F-AA5F-3B762EA7B015}.Release|x64.Build.0 = Release|x64
		{9CF0DCE0-38AD-486F-AA5F-3B762EA7B015}.ReleaseAsan|x64.ActiveCfg = ReleaseAsan|x64
		{9CF0DCE0-38AD-486F-AA5F-3B762EA7B015}.ReleaseAsan|x64.Build.0 = ReleaseAsan|x64
		{9CF0DCE0-38AD-486F-AA5F-3B762EA7B015}.ReleaseFuzzer|x64.ActiveCfg = ReleaseAsan|x64
		{9CF0DCE0-38AD-486F-AA5F-3B762EA7B015}.ReleasePGO|x64.ActiveCfg = ReleaseAsan|x64
		{F73A2DA7-62B0-489B-861F-0DCFA1434B39}.Debug|x64.ActiveCfg = Debug|x64
		{F73A2DA7-62B0-489B-861F-0DCFA1434B39}.Debug|x64.Build.0 = Debug|x64
		{F73A2DA7-62B0-489B-861F-0DCFA1434B39}.DebugAsan|x64.ActiveCfg = DebugAsan|x64
		{F73A2DA7-62B0-489B-861F-0DCFA1434B39}.DebugAsan|x64.Build.0 = DebugAsan|x64
		{F73A2DA7-62B0-489B-861F-0DCFA1434B39}.Release|x64.ActiveCfg = Release|x64
		{F73A2DA7-62B0-489B-861F-0DCFA1434B39}.Release|x64.Build.0 = Release|x64
		{F73A2DA7-62B0-489B-861F-0DCFA1434B39}.ReleaseAsan|x64.ActiveCfg = ReleaseAsan|x64
		{F73A2DA7-62B0-489B-861F-0DCFA1434B39}.ReleaseAsan|x64.Build.0 = ReleaseAsan|x64
		{F73A2DA7-62B0-489B-861F-0DCFA1434B39}.ReleaseFuzzer|x64.ActiveCfg = ReleaseAsan|x64
		{F73A2DA7-62B0-489B-861F-0DCFA1434B39}.ReleasePGO|x64.ActiveCfg = ReleasePGO|x64
		{F73A2DA7-62B0-489B-861F-0DCFA1434B39}.ReleasePGO|x64.Build.0 = ReleasePGO|x64
		{8E84774B-23F9-4158-82E8-BC322915DE0F}.Debug|x64.ActiveCfg = ReleaseFuzzer|x64
		{8E84774B-23F9-4158-82E8-BC322915DE0F}.DebugAsan|x64.ActiveCfg = ReleaseFuzzer|x64
		{8E84774B-23F9-4158-82E8-BC322915DE0F}.Release|x64.ActiveCfg = Release|x64
		{8E84774B-23F9-4158-82E8-BC322915DE0F}.Release|x64.Build.0 = Release|x64
		{8E84774B-23F9-4158-82E8-BC322915DE0F}.ReleaseAsan|x64.ActiveCfg = ReleaseFuzzer|x64
		{8E84774B-23F9-4158-82E8-BC322915DE0F}.ReleaseAsan|x64.Build.0 = ReleaseFuzzer|x64
		{8E84774B-23F9-4158-82E8-BC322915DE0F}.ReleaseFuzzer|x64.ActiveCfg = ReleaseFuzzer|x64
		{8E84774B-23F9-4158-82E8-BC322915DE0F}.ReleaseFuzzer|x64.Build.0 = ReleaseFuzzer|x64
		{8E84774B-23F9-4158-82E8-BC322915DE0F}.ReleasePGO|x64.ActiveCfg = ReleaseFuzzer|x64
		{0636C30A-3C61-4527-86BD-67AF4976C7CF}.Debug|x64.ActiveCfg = ReleasePGO|x64
		{0636C30A-3C61-4527-86BD-67AF4976C7CF}.DebugAsan|x64.ActiveCfg = ReleasePGO|x64
		{0636C30A-3C61-4527-86BD-67AF4976C7CF}.Release|x64.ActiveCfg = Release|x64
		{0636C30A-3C61-4527-86BD-67AF4976C7CF}.Release|x64.Build.0 = Release|x64
		{0636C30A-3C61-4527-86BD-67AF4976C7CF}.ReleaseAsan|x64.ActiveCfg = ReleasePGO|x64
		{0636C30A-3C61-4527-86BD-67AF4976C7CF}.ReleaseAsan|x64.Build.0 = ReleasePGO|x64
		{0636C30A-3C61-4527-86BD-67AF4976C7CF}.ReleaseFuzzer|x64.ActiveCfg = Release|x64
		{0636C30A-3C61-4527-86BD-67AF4976C7CF}.ReleaseFuzzer|x64.Build.0 = Release|x64
		{0636C30A-3C61-4527-86BD-67AF4976C7CF}.ReleasePGO|x64.ActiveCfg = ReleasePGO|x64
		{0636C30A-3C61-4527-86BD-67AF4976C7CF}.ReleasePGO|x64.Build.0 = ReleasePGO|x64
	EndGlobalSection
	GlobalSection(SolutionProperties) = preSolution
		HideSolutionNode = FALSE
	EndGlobalSection
	GlobalSection(ExtensibilityGlobals) = postSolution
		SolutionGuid = {B31A5182-2C82-42DA-A7DA-5F3E553189B2}
	EndGlobalSection
EndGlobal
